
Microsoft Visual Studio Solution File, Format Version 12.00
# Visual Studio Version 17
VisualStudioVersion = 17.10.34814.14
MinimumVisualStudioVersion = 10.0.40219.1
Project("{2150E333-8FDC-42A3-9474-1A3956D46DE8}") = "Services", "Services", "{0260B086-495E-4ACC-AB70-0F712E5E0245}"
EndProject
Project("{2150E333-8FDC-42A3-9474-1A3956D46DE8}") = "Catalog", "Catalog", "{6F904448-1743-4A77-B9F8-D2832287D922}"
EndProject
Project("{9A19103F-16F7-4668-BE54-9A1E7A4F7556}") = "Catalog.API", "Services\Catalog\Catalog.API\Catalog.API.csproj", "{70D2E944-B2A6-47F1-A652-85BE7B6193E1}"
EndProject
Project("{9A19103F-16F7-4668-BE54-9A1E7A4F7556}") = "Catalog.Core", "Services\Catalog\Catalog.Core\Catalog.Core.csproj", "{D66C3E59-A931-4688-874D-06ADF1AED485}"
EndProject
Project("{9A19103F-16F7-4668-BE54-9A1E7A4F7556}") = "Catalog.Application", "Services\Catalog\Catalog.Application\Catalog.Application.csproj", "{3587D8EB-B681-4FE4-BFFB-0373377FBC4D}"
EndProject
Project("{9A19103F-16F7-4668-BE54-9A1E7A4F7556}") = "Catalog.Infrastructure", "Services\Catalog\Catalog.Infrastructure\Catalog.Infrastructure.csproj", "{9ACACC4D-F5C3-4815-9B07-7BD8F86F0E18}"
EndProject
Project("{2150E333-8FDC-42A3-9474-1A3956D46DE8}") = "Infrastructure", "Infrastructure", "{6C0B275B-16DC-4AA2-9939-7287CA9348A8}"
EndProject
Project("{9A19103F-16F7-4668-BE54-9A1E7A4F7556}") = "Common.Logging", "Infrastructure\Common.Logging\Common.Logging.csproj", "{37C00C0E-AB2D-46AE-92A1-FF49DFBF9CD2}"
EndProject
Project("{E53339B2-1760-4266-BCC7-CA923CBCF16C}") = "docker-compose", "docker-compose.dcproj", "{61F8AAC8-CC00-4EAD-B0DC-FC55F9204612}"
EndProject
Project("{2150E333-8FDC-42A3-9474-1A3956D46DE8}") = "Basket", "Basket", "{991D27D5-BDC1-499F-83A7-D77FB00CBB13}"
EndProject
Project("{9A19103F-16F7-4668-BE54-9A1E7A4F7556}") = "Basket.Application", "Services\Basket\Basket.Application\Basket.Application.csproj", "{0785564F-B415-4D2F-8186-B544AE5AE7D5}"
EndProject
Project("{9A19103F-16F7-4668-BE54-9A1E7A4F7556}") = "Basket.Core", "Services\Basket\Basket.Core\Basket.Core.csproj", "{EF364A7C-FBDE-4BA2-A7E2-98AA8FB03879}"
EndProject
Project("{9A19103F-16F7-4668-BE54-9A1E7A4F7556}") = "Basket.Infrastructure", "Services\Basket\Basket.Infrastructure\Basket.Infrastructure.csproj", "{9A0419E7-F8A0-41E5-BB3F-F2133BC50649}"
EndProject
Project("{9A19103F-16F7-4668-BE54-9A1E7A4F7556}") = "Basket.Api", "Services\Basket\Basket.Api\Basket.Api.csproj", "{2EFF881F-CE1A-49D6-B0DD-EACED6C41470}"
EndProject
Project("{2150E333-8FDC-42A3-9474-1A3956D46DE8}") = "Discount", "Discount", "{4018ABD2-51FB-4361-916D-1E8D904723C8}"
EndProject
Project("{9A19103F-16F7-4668-BE54-9A1E7A4F7556}") = "Discount.Api", "Services\Discount\Discount.Api\Discount.Api.csproj", "{E83E25D8-8CEA-4E81-A1D2-D9B476410B3A}"
EndProject
Project("{9A19103F-16F7-4668-BE54-9A1E7A4F7556}") = "Discount.Core", "Services\Discount\Discount.Core\Discount.Core.csproj", "{6854488F-D030-4A87-8889-9134D91F6B03}"
EndProject
Project("{9A19103F-16F7-4668-BE54-9A1E7A4F7556}") = "Discount.Application", "Services\Discount\Discount.Application\Discount.Application.csproj", "{7F04CA79-3461-4B63-81FD-7D49CBB123B0}"
EndProject
Project("{9A19103F-16F7-4668-BE54-9A1E7A4F7556}") = "Discount.Instructure", "Services\Discount\Discount.Instructure\Discount.Instructure.csproj", "{B5FDFDF6-58A0-46A7-8255-B7C0B0B56F49}"
EndProject
Project("{2150E333-8FDC-42A3-9474-1A3956D46DE8}") = "Order", "Order", "{CBE4DA04-CB11-4A86-9778-B7FC2759747E}"
EndProject
Project("{9A19103F-16F7-4668-BE54-9A1E7A4F7556}") = "Ording.Core", "Services\Order\Ording.Core\Ording.Core.csproj", "{8DEE2064-B060-4D86-BB40-87EB9695D2C1}"
EndProject
Project("{9A19103F-16F7-4668-BE54-9A1E7A4F7556}") = "Ordering.Application", "Services\Order\Ordering.Application\Ordering.Application.csproj", "{D073F02F-B82F-4317-AA1D-BEFF362B8CE3}"
EndProject
Project("{9A19103F-16F7-4668-BE54-9A1E7A4F7556}") = "Ordering.Infrastructure", "Services\Order\Ordering.Infrastructure\Ordering.Infrastructure.csproj", "{0FC09709-2400-4212-A927-488E63CBB561}"
EndProject
Project("{9A19103F-16F7-4668-BE54-9A1E7A4F7556}") = "Ordering.API", "Services\Order\Ordering.API\Ordering.API\Ordering.API.csproj", "{EEA11ED4-A0E1-4208-8766-BB47F55A6898}"
EndProject
Project("{9A19103F-16F7-4668-BE54-9A1E7A4F7556}") = "EventBus.Messages", "Infrastructure\EventBus.Messages\EventBus.Messages.csproj", "{F8C60CF9-2328-4825-B678-A3F244428D40}"
EndProject
Project("{2150E333-8FDC-42A3-9474-1A3956D46DE8}") = "ApiGateways", "ApiGateways", "{348B7C84-86B6-4891-A2B0-BEAB1AAA769B}"
EndProject
Project("{9A19103F-16F7-4668-BE54-9A1E7A4F7556}") = "Ocelot.ApiGateway", "ApiGateways\Ocelot.ApiGateway\Ocelot.ApiGateway.csproj", "{B3EE9700-A9AA-43C5-BC5B-2DD06B2E0566}"
EndProject
Project("{9A19103F-16F7-4668-BE54-9A1E7A4F7556}") = "EShopping.Identity", "Infrastructure\EShopping.Identity\EShopping.Identity.csproj", "{16DAB297-37B4-4852-885F-2D537E0633BE}"
EndProject
Global
	GlobalSection(SolutionConfigurationPlatforms) = preSolution
		Debug|Any CPU = Debug|Any CPU
		Release|Any CPU = Release|Any CPU
	EndGlobalSection
	GlobalSection(ProjectConfigurationPlatforms) = postSolution
		{70D2E944-B2A6-47F1-A652-85BE7B6193E1}.Debug|Any CPU.ActiveCfg = Debug|Any CPU
		{70D2E944-B2A6-47F1-A652-85BE7B6193E1}.Debug|Any CPU.Build.0 = Debug|Any CPU
		{70D2E944-B2A6-47F1-A652-85BE7B6193E1}.Release|Any CPU.ActiveCfg = Release|Any CPU
		{70D2E944-B2A6-47F1-A652-85BE7B6193E1}.Release|Any CPU.Build.0 = Release|Any CPU
		{D66C3E59-A931-4688-874D-06ADF1AED485}.Debug|Any CPU.ActiveCfg = Debug|Any CPU
		{D66C3E59-A931-4688-874D-06ADF1AED485}.Debug|Any CPU.Build.0 = Debug|Any CPU
		{D66C3E59-A931-4688-874D-06ADF1AED485}.Release|Any CPU.ActiveCfg = Release|Any CPU
		{D66C3E59-A931-4688-874D-06ADF1AED485}.Release|Any CPU.Build.0 = Release|Any CPU
		{3587D8EB-B681-4FE4-BFFB-0373377FBC4D}.Debug|Any CPU.ActiveCfg = Debug|Any CPU
		{3587D8EB-B681-4FE4-BFFB-0373377FBC4D}.Debug|Any CPU.Build.0 = Debug|Any CPU
		{3587D8EB-B681-4FE4-BFFB-0373377FBC4D}.Release|Any CPU.ActiveCfg = Release|Any CPU
		{3587D8EB-B681-4FE4-BFFB-0373377FBC4D}.Release|Any CPU.Build.0 = Release|Any CPU
		{9ACACC4D-F5C3-4815-9B07-7BD8F86F0E18}.Debug|Any CPU.ActiveCfg = Debug|Any CPU
		{9ACACC4D-F5C3-4815-9B07-7BD8F86F0E18}.Debug|Any CPU.Build.0 = Debug|Any CPU
		{9ACACC4D-F5C3-4815-9B07-7BD8F86F0E18}.Release|Any CPU.ActiveCfg = Release|Any CPU
		{9ACACC4D-F5C3-4815-9B07-7BD8F86F0E18}.Release|Any CPU.Build.0 = Release|Any CPU
		{37C00C0E-AB2D-46AE-92A1-FF49DFBF9CD2}.Debug|Any CPU.ActiveCfg = Debug|Any CPU
		{37C00C0E-AB2D-46AE-92A1-FF49DFBF9CD2}.Debug|Any CPU.Build.0 = Debug|Any CPU
		{37C00C0E-AB2D-46AE-92A1-FF49DFBF9CD2}.Release|Any CPU.ActiveCfg = Release|Any CPU
		{37C00C0E-AB2D-46AE-92A1-FF49DFBF9CD2}.Release|Any CPU.Build.0 = Release|Any CPU
		{61F8AAC8-CC00-4EAD-B0DC-FC55F9204612}.Debug|Any CPU.ActiveCfg = Debug|Any CPU
		{61F8AAC8-CC00-4EAD-B0DC-FC55F9204612}.Debug|Any CPU.Build.0 = Debug|Any CPU
		{61F8AAC8-CC00-4EAD-B0DC-FC55F9204612}.Release|Any CPU.ActiveCfg = Release|Any CPU
		{61F8AAC8-CC00-4EAD-B0DC-FC55F9204612}.Release|Any CPU.Build.0 = Release|Any CPU
		{0785564F-B415-4D2F-8186-B544AE5AE7D5}.Debug|Any CPU.ActiveCfg = Debug|Any CPU
		{0785564F-B415-4D2F-8186-B544AE5AE7D5}.Debug|Any CPU.Build.0 = Debug|Any CPU
		{0785564F-B415-4D2F-8186-B544AE5AE7D5}.Release|Any CPU.ActiveCfg = Release|Any CPU
		{0785564F-B415-4D2F-8186-B544AE5AE7D5}.Release|Any CPU.Build.0 = Release|Any CPU
		{EF364A7C-FBDE-4BA2-A7E2-98AA8FB03879}.Debug|Any CPU.ActiveCfg = Debug|Any CPU
		{EF364A7C-FBDE-4BA2-A7E2-98AA8FB03879}.Debug|Any CPU.Build.0 = Debug|Any CPU
		{EF364A7C-FBDE-4BA2-A7E2-98AA8FB03879}.Release|Any CPU.ActiveCfg = Release|Any CPU
		{EF364A7C-FBDE-4BA2-A7E2-98AA8FB03879}.Release|Any CPU.Build.0 = Release|Any CPU
		{9A0419E7-F8A0-41E5-BB3F-F2133BC50649}.Debug|Any CPU.ActiveCfg = Debug|Any CPU
		{9A0419E7-F8A0-41E5-BB3F-F2133BC50649}.Debug|Any CPU.Build.0 = Debug|Any CPU
		{9A0419E7-F8A0-41E5-BB3F-F2133BC50649}.Release|Any CPU.ActiveCfg = Release|Any CPU
		{9A0419E7-F8A0-41E5-BB3F-F2133BC50649}.Release|Any CPU.Build.0 = Release|Any CPU
		{2EFF881F-CE1A-49D6-B0DD-EACED6C41470}.Debug|Any CPU.ActiveCfg = Debug|Any CPU
		{2EFF881F-CE1A-49D6-B0DD-EACED6C41470}.Debug|Any CPU.Build.0 = Debug|Any CPU
		{2EFF881F-CE1A-49D6-B0DD-EACED6C41470}.Release|Any CPU.ActiveCfg = Release|Any CPU
		{2EFF881F-CE1A-49D6-B0DD-EACED6C41470}.Release|Any CPU.Build.0 = Release|Any CPU
		{E83E25D8-8CEA-4E81-A1D2-D9B476410B3A}.Debug|Any CPU.ActiveCfg = Debug|Any CPU
		{E83E25D8-8CEA-4E81-A1D2-D9B476410B3A}.Debug|Any CPU.Build.0 = Debug|Any CPU
		{E83E25D8-8CEA-4E81-A1D2-D9B476410B3A}.Release|Any CPU.ActiveCfg = Release|Any CPU
		{E83E25D8-8CEA-4E81-A1D2-D9B476410B3A}.Release|Any CPU.Build.0 = Release|Any CPU
		{6854488F-D030-4A87-8889-9134D91F6B03}.Debug|Any CPU.ActiveCfg = Debug|Any CPU
		{6854488F-D030-4A87-8889-9134D91F6B03}.Debug|Any CPU.Build.0 = Debug|Any CPU
		{6854488F-D030-4A87-8889-9134D91F6B03}.Release|Any CPU.ActiveCfg = Release|Any CPU
		{6854488F-D030-4A87-8889-9134D91F6B03}.Release|Any CPU.Build.0 = Release|Any CPU
		{7F04CA79-3461-4B63-81FD-7D49CBB123B0}.Debug|Any CPU.ActiveCfg = Debug|Any CPU
		{7F04CA79-3461-4B63-81FD-7D49CBB123B0}.Debug|Any CPU.Build.0 = Debug|Any CPU
		{7F04CA79-3461-4B63-81FD-7D49CBB123B0}.Release|Any CPU.ActiveCfg = Release|Any CPU
		{7F04CA79-3461-4B63-81FD-7D49CBB123B0}.Release|Any CPU.Build.0 = Release|Any CPU
		{B5FDFDF6-58A0-46A7-8255-B7C0B0B56F49}.Debug|Any CPU.ActiveCfg = Debug|Any CPU
		{B5FDFDF6-58A0-46A7-8255-B7C0B0B56F49}.Debug|Any CPU.Build.0 = Debug|Any CPU
		{B5FDFDF6-58A0-46A7-8255-B7C0B0B56F49}.Release|Any CPU.ActiveCfg = Release|Any CPU
		{B5FDFDF6-58A0-46A7-8255-B7C0B0B56F49}.Release|Any CPU.Build.0 = Release|Any CPU
		{8DEE2064-B060-4D86-BB40-87EB9695D2C1}.Debug|Any CPU.ActiveCfg = Debug|Any CPU
		{8DEE2064-B060-4D86-BB40-87EB9695D2C1}.Debug|Any CPU.Build.0 = Debug|Any CPU
		{8DEE2064-B060-4D86-BB40-87EB9695D2C1}.Release|Any CPU.ActiveCfg = Release|Any CPU
		{8DEE2064-B060-4D86-BB40-87EB9695D2C1}.Release|Any CPU.Build.0 = Release|Any CPU
		{D073F02F-B82F-4317-AA1D-BEFF362B8CE3}.Debug|Any CPU.ActiveCfg = Debug|Any CPU
		{D073F02F-B82F-4317-AA1D-BEFF362B8CE3}.Debug|Any CPU.Build.0 = Debug|Any CPU
		{D073F02F-B82F-4317-AA1D-BEFF362B8CE3}.Release|Any CPU.ActiveCfg = Release|Any CPU
		{D073F02F-B82F-4317-AA1D-BEFF362B8CE3}.Release|Any CPU.Build.0 = Release|Any CPU
		{0FC09709-2400-4212-A927-488E63CBB561}.Debug|Any CPU.ActiveCfg = Debug|Any CPU
		{0FC09709-2400-4212-A927-488E63CBB561}.Debug|Any CPU.Build.0 = Debug|Any CPU
		{0FC09709-2400-4212-A927-488E63CBB561}.Release|Any CPU.ActiveCfg = Release|Any CPU
		{0FC09709-2400-4212-A927-488E63CBB561}.Release|Any CPU.Build.0 = Release|Any CPU
		{EEA11ED4-A0E1-4208-8766-BB47F55A6898}.Debug|Any CPU.ActiveCfg = Debug|Any CPU
		{EEA11ED4-A0E1-4208-8766-BB47F55A6898}.Debug|Any CPU.Build.0 = Debug|Any CPU
		{EEA11ED4-A0E1-4208-8766-BB47F55A6898}.Release|Any CPU.ActiveCfg = Release|Any CPU
		{EEA11ED4-A0E1-4208-8766-BB47F55A6898}.Release|Any CPU.Build.0 = Release|Any CPU
		{F8C60CF9-2328-4825-B678-A3F244428D40}.Debug|Any CPU.ActiveCfg = Debug|Any CPU
		{F8C60CF9-2328-4825-B678-A3F244428D40}.Debug|Any CPU.Build.0 = Debug|Any CPU
		{F8C60CF9-2328-4825-B678-A3F244428D40}.Release|Any CPU.ActiveCfg = Release|Any CPU
		{F8C60CF9-2328-4825-B678-A3F244428D40}.Release|Any CPU.Build.0 = Release|Any CPU
		{B3EE9700-A9AA-43C5-BC5B-2DD06B2E0566}.Debug|Any CPU.ActiveCfg = Debug|Any CPU
		{B3EE9700-A9AA-43C5-BC5B-2DD06B2E0566}.Debug|Any CPU.Build.0 = Debug|Any CPU
		{B3EE9700-A9AA-43C5-BC5B-2DD06B2E0566}.Release|Any CPU.ActiveCfg = Release|Any CPU
		{B3EE9700-A9AA-43C5-BC5B-2DD06B2E0566}.Release|Any CPU.Build.0 = Release|Any CPU
		{16DAB297-37B4-4852-885F-2D537E0633BE}.Debug|Any CPU.ActiveCfg = Debug|Any CPU
		{16DAB297-37B4-4852-885F-2D537E0633BE}.Debug|Any CPU.Build.0 = Debug|Any CPU
		{16DAB297-37B4-4852-885F-2D537E0633BE}.Release|Any CPU.ActiveCfg = Release|Any CPU
		{16DAB297-37B4-4852-885F-2D537E0633BE}.Release|Any CPU.Build.0 = Release|Any CPU
	EndGlobalSection
	GlobalSection(SolutionProperties) = preSolution
		HideSolutionNode = FALSE
	EndGlobalSection
	GlobalSection(NestedProjects) = preSolution
		{6F904448-1743-4A77-B9F8-D2832287D922} = {0260B086-495E-4ACC-AB70-0F712E5E0245}
		{70D2E944-B2A6-47F1-A652-85BE7B6193E1} = {6F904448-1743-4A77-B9F8-D2832287D922}
		{D66C3E59-A931-4688-874D-06ADF1AED485} = {6F904448-1743-4A77-B9F8-D2832287D922}
		{3587D8EB-B681-4FE4-BFFB-0373377FBC4D} = {6F904448-1743-4A77-B9F8-D2832287D922}
		{9ACACC4D-F5C3-4815-9B07-7BD8F86F0E18} = {6F904448-1743-4A77-B9F8-D2832287D922}
		{37C00C0E-AB2D-46AE-92A1-FF49DFBF9CD2} = {6C0B275B-16DC-4AA2-9939-7287CA9348A8}
		{991D27D5-BDC1-499F-83A7-D77FB00CBB13} = {0260B086-495E-4ACC-AB70-0F712E5E0245}
		{0785564F-B415-4D2F-8186-B544AE5AE7D5} = {991D27D5-BDC1-499F-83A7-D77FB00CBB13}
		{EF364A7C-FBDE-4BA2-A7E2-98AA8FB03879} = {991D27D5-BDC1-499F-83A7-D77FB00CBB13}
		{9A0419E7-F8A0-41E5-BB3F-F2133BC50649} = {991D27D5-BDC1-499F-83A7-D77FB00CBB13}
		{2EFF881F-CE1A-49D6-B0DD-EACED6C41470} = {991D27D5-BDC1-499F-83A7-D77FB00CBB13}
		{4018ABD2-51FB-4361-916D-1E8D904723C8} = {0260B086-495E-4ACC-AB70-0F712E5E0245}
		{E83E25D8-8CEA-4E81-A1D2-D9B476410B3A} = {4018ABD2-51FB-4361-916D-1E8D904723C8}
		{6854488F-D030-4A87-8889-9134D91F6B03} = {4018ABD2-51FB-4361-916D-1E8D904723C8}
		{7F04CA79-3461-4B63-81FD-7D49CBB123B0} = {4018ABD2-51FB-4361-916D-1E8D904723C8}
		{B5FDFDF6-58A0-46A7-8255-B7C0B0B56F49} = {4018ABD2-51FB-4361-916D-1E8D904723C8}
		{CBE4DA04-CB11-4A86-9778-B7FC2759747E} = {0260B086-495E-4ACC-AB70-0F712E5E0245}
		{8DEE2064-B060-4D86-BB40-87EB9695D2C1} = {CBE4DA04-CB11-4A86-9778-B7FC2759747E}
		{D073F02F-B82F-4317-AA1D-BEFF362B8CE3} = {CBE4DA04-CB11-4A86-9778-B7FC2759747E}
		{0FC09709-2400-4212-A927-488E63CBB561} = {CBE4DA04-CB11-4A86-9778-B7FC2759747E}
		{EEA11ED4-A0E1-4208-8766-BB47F55A6898} = {CBE4DA04-CB11-4A86-9778-B7FC2759747E}
		{F8C60CF9-2328-4825-B678-A3F244428D40} = {6C0B275B-16DC-4AA2-9939-7287CA9348A8}
		{B3EE9700-A9AA-43C5-BC5B-2DD06B2E0566} = {348B7C84-86B6-4891-A2B0-BEAB1AAA769B}
		{16DAB297-37B4-4852-885F-2D537E0633BE} = {6C0B275B-16DC-4AA2-9939-7287CA9348A8}
	EndGlobalSection
	GlobalSection(ExtensibilityGlobals) = postSolution
		SolutionGuid = {B21A5CA0-25EB-4BE4-812E-34244F4DF77A}
	EndGlobalSection
EndGlobal
