
Microsoft Visual Studio Solution File, Format Version 12.00
# Visual Studio Version 17
VisualStudioVersion = 17.10.34814.14
MinimumVisualStudioVersion = 10.0.40219.1
Project("{2150E333-8FDC-42A3-9474-1A3956D46DE8}") = "Services", "Services", "{0260B086-495E-4ACC-AB70-0F712E5E0245}"
EndProject
Project("{2150E333-8FDC-42A3-9474-1A3956D46DE8}") = "Catalog", "Catalog", "{6F904448-1743-4A77-B9F8-D2832287D922}"
EndProject
Project("{9A19103F-16F7-4668-BE54-9A1E7A4F7556}") = "Catalog.API", "Services\Catalog\Catalog.API\Catalog.API.csproj", "{70D2E944-B2A6-47F1-A652-85BE7B6193E1}"
EndProject
Project("{9A19103F-16F7-4668-BE54-9A1E7A4F7556}") = "Catalog.Core", "Services\Catalog\Catalog.Core\Catalog.Core.csproj", "{D66C3E59-A931-4688-874D-06ADF1AED485}"
EndProject
Project("{9A19103F-16F7-4668-BE54-9A1E7A4F7556}") = "Catalog.Application", "Services\Catalog\Catalog.Application\Catalog.Application.csproj", "{3587D8EB-B681-4FE4-BFFB-0373377FBC4D}"
EndProject
Project("{9A19103F-16F7-4668-BE54-9A1E7A4F7556}") = "Catalog.Infrastructure", "Services\Catalog\Catalog.Infrastructure\Catalog.Infrastructure.csproj", "{9ACACC4D-F5C3-4815-9B07-7BD8F86F0E18}"
EndProject
Project("{2150E333-8FDC-42A3-9474-1A3956D46DE8}") = "Infrastructure", "Infrastructure", "{6C0B275B-16DC-4AA2-9939-7287CA9348A8}"
EndProject
Project("{9A19103F-16F7-4668-BE54-9A1E7A4F7556}") = "Common.Logging", "Infrastructure\Common.Logging\Common.Logging.csproj", "{37C00C0E-AB2D-46AE-92A1-FF49DFBF9CD2}"
EndProject
Project("{E53339B2-1760-4266-BCC7-CA923CBCF16C}") = "docker-compose", "docker-compose.dcproj", "{61F8AAC8-CC00-4EAD-B0DC-FC55F9204612}"
EndProject
Project("{2150E333-8FDC-42A3-9474-1A3956D46DE8}") = "Basket", "Basket", "{991D27D5-BDC1-499F-83A7-D77FB00CBB13}"
EndProject
Project("{9A19103F-16F7-4668-BE54-9A1E7A4F7556}") = "Basket.Application", "Services\Basket\Basket.Application\Basket.Application.csproj", "{0785564F-B415-4D2F-8186-B544AE5AE7D5}"
EndProject
Project("{FAE04EC0-301F-11D3-BF4B-00C04F79EFBC}") = "Basket.Core", "Services\Basket\Basket.Core\Basket.Core.csproj", "{EF364A7C-FBDE-4BA2-A7E2-98AA8FB03879}"
EndProject
Project("{FAE04EC0-301F-11D3-BF4B-00C04F79EFBC}") = "Basket.Infrastructure", "Services\Basket\Basket.Infrastructure\Basket.Infrastructure.csproj", "{9A0419E7-F8A0-41E5-BB3F-F2133BC50649}"
EndProject
Project("{FAE04EC0-301F-11D3-BF4B-00C04F79EFBC}") = "Basket.Api", "Services\Basket\Basket.Api\Basket.Api.csproj", "{2EFF881F-CE1A-49D6-B0DD-EACED6C41470}"
EndProject
Global
	GlobalSection(SolutionConfigurationPlatforms) = preSolution
		Debug|Any CPU = Debug|Any CPU
		Release|Any CPU = Release|Any CPU
	EndGlobalSection
	GlobalSection(ProjectConfigurationPlatforms) = postSolution
		{70D2E944-B2A6-47F1-A652-85BE7B6193E1}.Debug|Any CPU.ActiveCfg = Debug|Any CPU
		{70D2E944-B2A6-47F1-A652-85BE7B6193E1}.Debug|Any CPU.Build.0 = Debug|Any CPU
		{70D2E944-B2A6-47F1-A652-85BE7B6193E1}.Release|Any CPU.ActiveCfg = Release|Any CPU
		{70D2E944-B2A6-47F1-A652-85BE7B6193E1}.Release|Any CPU.Build.0 = Release|Any CPU
		{D66C3E59-A931-4688-874D-06ADF1AED485}.Debug|Any CPU.ActiveCfg = Debug|Any CPU
		{D66C3E59-A931-4688-874D-06ADF1AED485}.Debug|Any CPU.Build.0 = Debug|Any CPU
		{D66C3E59-A931-4688-874D-06ADF1AED485}.Release|Any CPU.ActiveCfg = Release|Any CPU
		{D66C3E59-A931-4688-874D-06ADF1AED485}.Release|Any CPU.Build.0 = Release|Any CPU
		{3587D8EB-B681-4FE4-BFFB-0373377FBC4D}.Debug|Any CPU.ActiveCfg = Debug|Any CPU
		{3587D8EB-B681-4FE4-BFFB-0373377FBC4D}.Debug|Any CPU.Build.0 = Debug|Any CPU
		{3587D8EB-B681-4FE4-BFFB-0373377FBC4D}.Release|Any CPU.ActiveCfg = Release|Any CPU
		{3587D8EB-B681-4FE4-BFFB-0373377FBC4D}.Release|Any CPU.Build.0 = Release|Any CPU
		{9ACACC4D-F5C3-4815-9B07-7BD8F86F0E18}.Debug|Any CPU.ActiveCfg = Debug|Any CPU
		{9ACACC4D-F5C3-4815-9B07-7BD8F86F0E18}.Debug|Any CPU.Build.0 = Debug|Any CPU
		{9ACACC4D-F5C3-4815-9B07-7BD8F86F0E18}.Release|Any CPU.ActiveCfg = Release|Any CPU
		{9ACACC4D-F5C3-4815-9B07-7BD8F86F0E18}.Release|Any CPU.Build.0 = Release|Any CPU
		{37C00C0E-AB2D-46AE-92A1-FF49DFBF9CD2}.Debug|Any CPU.ActiveCfg = Debug|Any CPU
		{37C00C0E-AB2D-46AE-92A1-FF49DFBF9CD2}.Debug|Any CPU.Build.0 = Debug|Any CPU
		{37C00C0E-AB2D-46AE-92A1-FF49DFBF9CD2}.Release|Any CPU.ActiveCfg = Release|Any CPU
		{37C00C0E-AB2D-46AE-92A1-FF49DFBF9CD2}.Release|Any CPU.Build.0 = Release|Any CPU
		{61F8AAC8-CC00-4EAD-B0DC-FC55F9204612}.Debug|Any CPU.ActiveCfg = Debug|Any CPU
		{61F8AAC8-CC00-4EAD-B0DC-FC55F9204612}.Debug|Any CPU.Build.0 = Debug|Any CPU
		{61F8AAC8-CC00-4EAD-B0DC-FC55F9204612}.Release|Any CPU.ActiveCfg = Release|Any CPU
		{61F8AAC8-CC00-4EAD-B0DC-FC55F9204612}.Release|Any CPU.Build.0 = Release|Any CPU
		{0785564F-B415-4D2F-8186-B544AE5AE7D5}.Debug|Any CPU.ActiveCfg = Debug|Any CPU
		{0785564F-B415-4D2F-8186-B544AE5AE7D5}.Debug|Any CPU.Build.0 = Debug|Any CPU
		{0785564F-B415-4D2F-8186-B544AE5AE7D5}.Release|Any CPU.ActiveCfg = Release|Any CPU
		{0785564F-B415-4D2F-8186-B544AE5AE7D5}.Release|Any CPU.Build.0 = Release|Any CPU
		{EF364A7C-FBDE-4BA2-A7E2-98AA8FB03879}.Debug|Any CPU.ActiveCfg = Debug|Any CPU
		{EF364A7C-FBDE-4BA2-A7E2-98AA8FB03879}.Debug|Any CPU.Build.0 = Debug|Any CPU
		{EF364A7C-FBDE-4BA2-A7E2-98AA8FB03879}.Release|Any CPU.ActiveCfg = Release|Any CPU
		{EF364A7C-FBDE-4BA2-A7E2-98AA8FB03879}.Release|Any CPU.Build.0 = Release|Any CPU
		{9A0419E7-F8A0-41E5-BB3F-F2133BC50649}.Debug|Any CPU.ActiveCfg = Debug|Any CPU
		{9A0419E7-F8A0-41E5-BB3F-F2133BC50649}.Debug|Any CPU.Build.0 = Debug|Any CPU
		{9A0419E7-F8A0-41E5-BB3F-F2133BC50649}.Release|Any CPU.ActiveCfg = Release|Any CPU
		{9A0419E7-F8A0-41E5-BB3F-F2133BC50649}.Release|Any CPU.Build.0 = Release|Any CPU
		{2EFF881F-CE1A-49D6-B0DD-EACED6C41470}.Debug|Any CPU.ActiveCfg = Debug|Any CPU
		{2EFF881F-CE1A-49D6-B0DD-EACED6C41470}.Debug|Any CPU.Build.0 = Debug|Any CPU
		{2EFF881F-CE1A-49D6-B0DD-EACED6C41470}.Release|Any CPU.ActiveCfg = Release|Any CPU
		{2EFF881F-CE1A-49D6-B0DD-EACED6C41470}.Release|Any CPU.Build.0 = Release|Any CPU
	EndGlobalSection
	GlobalSection(SolutionProperties) = preSolution
		HideSolutionNode = FALSE
	EndGlobalSection
	GlobalSection(NestedProjects) = preSolution
		{6F904448-1743-4A77-B9F8-D2832287D922} = {0260B086-495E-4ACC-AB70-0F712E5E0245}
		{70D2E944-B2A6-47F1-A652-85BE7B6193E1} = {6F904448-1743-4A77-B9F8-D2832287D922}
		{D66C3E59-A931-4688-874D-06ADF1AED485} = {6F904448-1743-4A77-B9F8-D2832287D922}
		{3587D8EB-B681-4FE4-BFFB-0373377FBC4D} = {6F904448-1743-4A77-B9F8-D2832287D922}
		{9ACACC4D-F5C3-4815-9B07-7BD8F86F0E18} = {6F904448-1743-4A77-B9F8-D2832287D922}
		{37C00C0E-AB2D-46AE-92A1-FF49DFBF9CD2} = {6C0B275B-16DC-4AA2-9939-7287CA9348A8}
		{991D27D5-BDC1-499F-83A7-D77FB00CBB13} = {0260B086-495E-4ACC-AB70-0F712E5E0245}
		{0785564F-B415-4D2F-8186-B544AE5AE7D5} = {991D27D5-BDC1-499F-83A7-D77FB00CBB13}
		{EF364A7C-FBDE-4BA2-A7E2-98AA8FB03879} = {991D27D5-BDC1-499F-83A7-D77FB00CBB13}
		{9A0419E7-F8A0-41E5-BB3F-F2133BC50649} = {991D27D5-BDC1-499F-83A7-D77FB00CBB13}
		{2EFF881F-CE1A-49D6-B0DD-EACED6C41470} = {991D27D5-BDC1-499F-83A7-D77FB00CBB13}
	EndGlobalSection
	GlobalSection(ExtensibilityGlobals) = postSolution
		SolutionGuid = {B21A5CA0-25EB-4BE4-812E-34244F4DF77A}
	EndGlobalSection
EndGlobal
